// !$*UTF8*$!
{
	archiveVersion = 1;
	classes = {
	};
	objectVersion = 46;
	objects = {

/* Begin PBXBuildFile section */
		903335CD177D0CCC00FE8665 /* MKQuantity.m in Sources */ = {isa = PBXBuildFile; fileRef = 903335B6177D0CCC00FE8665 /* MKQuantity.m */; };
		903335CE177D0CCC00FE8665 /* MKUnit+MKQuantity.m in Sources */ = {isa = PBXBuildFile; fileRef = 903335B8177D0CCC00FE8665 /* MKUnit+MKQuantity.m */; };
		903335CF177D0CCC00FE8665 /* MKUnit.m in Sources */ = {isa = PBXBuildFile; fileRef = 903335BA177D0CCC00FE8665 /* MKUnit.m */; };
		903335D0177D0CCC00FE8665 /* NSDecimalNumber+Negative.m in Sources */ = {isa = PBXBuildFile; fileRef = 903335BF177D0CCC00FE8665 /* NSDecimalNumber+Negative.m */; };
		903335DB177D0CF000FE8665 /* MKQuantity_Tests.m in Sources */ = {isa = PBXBuildFile; fileRef = 903335D8177D0CF000FE8665 /* MKQuantity_Tests.m */; };
		903335DC177D0CF000FE8665 /* MKUnit_Tests.m in Sources */ = {isa = PBXBuildFile; fileRef = 903335D9177D0CF000FE8665 /* MKUnit_Tests.m */; };
		903335DD177D0CF000FE8665 /* NSDecimalNumber+Negative_Tests.m in Sources */ = {isa = PBXBuildFile; fileRef = 903335DA177D0CF000FE8665 /* NSDecimalNumber+Negative_Tests.m */; };
		90361462177E38C700E3FAE1 /* MKMassUnit.m in Sources */ = {isa = PBXBuildFile; fileRef = 90361461177E38C700E3FAE1 /* MKMassUnit.m */; };
		90361465177E3B9800E3FAE1 /* MKLengthUnit.m in Sources */ = {isa = PBXBuildFile; fileRef = 90361464177E3B9800E3FAE1 /* MKLengthUnit.m */; };
		90361468177F2CC000E3FAE1 /* MKByteUnit.m in Sources */ = {isa = PBXBuildFile; fileRef = 90361467177F2CC000E3FAE1 /* MKByteUnit.m */; };
		9036146B177FAC0800E3FAE1 /* MKByteUnit_Tests.m in Sources */ = {isa = PBXBuildFile; fileRef = 9036146A177FAC0800E3FAE1 /* MKByteUnit_Tests.m */; };
		90361470177FB41500E3FAE1 /* MKTimeUnit.m in Sources */ = {isa = PBXBuildFile; fileRef = 9036146F177FB41500E3FAE1 /* MKTimeUnit.m */; };
		90361472177FB42900E3FAE1 /* MKTimeUnit_Tests.m in Sources */ = {isa = PBXBuildFile; fileRef = 90361471177FB42900E3FAE1 /* MKTimeUnit_Tests.m */; };
		90370068177D0BD400708FEA /* UIKit.framework in Frameworks */ = {isa = PBXBuildFile; fileRef = 90370067177D0BD400708FEA /* UIKit.framework */; };
		9037006A177D0BD400708FEA /* Foundation.framework in Frameworks */ = {isa = PBXBuildFile; fileRef = 90370069177D0BD400708FEA /* Foundation.framework */; };
		9037006C177D0BD400708FEA /* CoreGraphics.framework in Frameworks */ = {isa = PBXBuildFile; fileRef = 9037006B177D0BD400708FEA /* CoreGraphics.framework */; };
		90370072177D0BD400708FEA /* InfoPlist.strings in Resources */ = {isa = PBXBuildFile; fileRef = 90370070177D0BD400708FEA /* InfoPlist.strings */; };
		90370074177D0BD400708FEA /* main.m in Sources */ = {isa = PBXBuildFile; fileRef = 90370073177D0BD400708FEA /* main.m */; };
		90370078177D0BD400708FEA /* AppDelegate.m in Sources */ = {isa = PBXBuildFile; fileRef = 90370077177D0BD400708FEA /* AppDelegate.m */; };
		9037007A177D0BD400708FEA /* Default.png in Resources */ = {isa = PBXBuildFile; fileRef = 90370079177D0BD400708FEA /* Default.png */; };
		9037007C177D0BD400708FEA /* Default@2x.png in Resources */ = {isa = PBXBuildFile; fileRef = 9037007B177D0BD400708FEA /* Default@2x.png */; };
		9037007E177D0BD400708FEA /* Default-568h@2x.png in Resources */ = {isa = PBXBuildFile; fileRef = 9037007D177D0BD400708FEA /* Default-568h@2x.png */; };
		90370086177D0BD400708FEA /* SenTestingKit.framework in Frameworks */ = {isa = PBXBuildFile; fileRef = 90370085177D0BD400708FEA /* SenTestingKit.framework */; };
		90370087177D0BD400708FEA /* UIKit.framework in Frameworks */ = {isa = PBXBuildFile; fileRef = 90370067177D0BD400708FEA /* UIKit.framework */; };
		90370088177D0BD400708FEA /* Foundation.framework in Frameworks */ = {isa = PBXBuildFile; fileRef = 90370069177D0BD400708FEA /* Foundation.framework */; };
		90370090177D0BD400708FEA /* InfoPlist.strings in Resources */ = {isa = PBXBuildFile; fileRef = 9037008E177D0BD400708FEA /* InfoPlist.strings */; };
		904F619B177FC7EF00CD4DFC /* MKMassUnit_Tests.m in Sources */ = {isa = PBXBuildFile; fileRef = 9069CC82177FC5420056A364 /* MKMassUnit_Tests.m */; };
		904F619D177FC8A200CD4DFC /* MKLengthUnit_Tests.m in Sources */ = {isa = PBXBuildFile; fileRef = 904F619C177FC8A200CD4DFC /* MKLengthUnit_Tests.m */; };
		904F61A0177FCAE500CD4DFC /* MKAreaUnit.m in Sources */ = {isa = PBXBuildFile; fileRef = 904F619F177FCAE500CD4DFC /* MKAreaUnit.m */; };
		904F61A2177FCDEA00CD4DFC /* MKArea_Tests.m in Sources */ = {isa = PBXBuildFile; fileRef = 904F61A1177FCDEA00CD4DFC /* MKArea_Tests.m */; };
		F01588EF7C664B74B8BBE5E8 /* libPods-MKUnitsTests.a in Frameworks */ = {isa = PBXBuildFile; fileRef = F1F1D34DC47C415180711C40 /* libPods-MKUnitsTests.a */; };
/* End PBXBuildFile section */

/* Begin PBXContainerItemProxy section */
		90370089177D0BD400708FEA /* PBXContainerItemProxy */ = {
			isa = PBXContainerItemProxy;
			containerPortal = 9037005C177D0BD400708FEA /* Project object */;
			proxyType = 1;
			remoteGlobalIDString = 90370063177D0BD400708FEA;
			remoteInfo = MKUnits;
		};
/* End PBXContainerItemProxy section */

/* Begin PBXFileReference section */
		903335B5177D0CCC00FE8665 /* MKQuantity.h */ = {isa = PBXFileReference; fileEncoding = 4; lastKnownFileType = sourcecode.c.h; path = MKQuantity.h; sourceTree = "<group>"; };
		903335B6177D0CCC00FE8665 /* MKQuantity.m */ = {isa = PBXFileReference; fileEncoding = 4; lastKnownFileType = sourcecode.c.objc; path = MKQuantity.m; sourceTree = "<group>"; };
		903335B7177D0CCC00FE8665 /* MKUnit+MKQuantity.h */ = {isa = PBXFileReference; fileEncoding = 4; lastKnownFileType = sourcecode.c.h; path = "MKUnit+MKQuantity.h"; sourceTree = "<group>"; };
		903335B8177D0CCC00FE8665 /* MKUnit+MKQuantity.m */ = {isa = PBXFileReference; fileEncoding = 4; lastKnownFileType = sourcecode.c.objc; path = "MKUnit+MKQuantity.m"; sourceTree = "<group>"; };
		903335B9177D0CCC00FE8665 /* MKUnit.h */ = {isa = PBXFileReference; fileEncoding = 4; lastKnownFileType = sourcecode.c.h; path = MKUnit.h; sourceTree = "<group>"; };
		903335BA177D0CCC00FE8665 /* MKUnit.m */ = {isa = PBXFileReference; fileEncoding = 4; lastKnownFileType = sourcecode.c.objc; path = MKUnit.m; sourceTree = "<group>"; };
		903335BB177D0CCC00FE8665 /* MKUnits.h */ = {isa = PBXFileReference; fileEncoding = 4; lastKnownFileType = sourcecode.c.h; path = MKUnits.h; sourceTree = "<group>"; };
		903335BD177D0CCC00FE8665 /* MKMacros.h */ = {isa = PBXFileReference; fileEncoding = 4; lastKnownFileType = sourcecode.c.h; path = MKMacros.h; sourceTree = "<group>"; };
		903335BE177D0CCC00FE8665 /* NSDecimalNumber+Negative.h */ = {isa = PBXFileReference; fileEncoding = 4; lastKnownFileType = sourcecode.c.h; path = "NSDecimalNumber+Negative.h"; sourceTree = "<group>"; };
		903335BF177D0CCC00FE8665 /* NSDecimalNumber+Negative.m */ = {isa = PBXFileReference; fileEncoding = 4; lastKnownFileType = sourcecode.c.objc; path = "NSDecimalNumber+Negative.m"; sourceTree = "<group>"; };
		903335D7177D0CF000FE8665 /* Base_Tests.h */ = {isa = PBXFileReference; fileEncoding = 4; lastKnownFileType = sourcecode.c.h; path = Base_Tests.h; sourceTree = "<group>"; };
		903335D8177D0CF000FE8665 /* MKQuantity_Tests.m */ = {isa = PBXFileReference; fileEncoding = 4; lastKnownFileType = sourcecode.c.objc; path = MKQuantity_Tests.m; sourceTree = "<group>"; };
		903335D9177D0CF000FE8665 /* MKUnit_Tests.m */ = {isa = PBXFileReference; fileEncoding = 4; lastKnownFileType = sourcecode.c.objc; path = MKUnit_Tests.m; sourceTree = "<group>"; };
		903335DA177D0CF000FE8665 /* NSDecimalNumber+Negative_Tests.m */ = {isa = PBXFileReference; fileEncoding = 4; lastKnownFileType = sourcecode.c.objc; path = "NSDecimalNumber+Negative_Tests.m"; sourceTree = "<group>"; };
		90361460177E38C700E3FAE1 /* MKMassUnit.h */ = {isa = PBXFileReference; fileEncoding = 4; lastKnownFileType = sourcecode.c.h; path = MKMassUnit.h; sourceTree = "<group>"; };
		90361461177E38C700E3FAE1 /* MKMassUnit.m */ = {isa = PBXFileReference; fileEncoding = 4; lastKnownFileType = sourcecode.c.objc; path = MKMassUnit.m; sourceTree = "<group>"; };
		90361463177E3B9800E3FAE1 /* MKLengthUnit.h */ = {isa = PBXFileReference; fileEncoding = 4; lastKnownFileType = sourcecode.c.h; path = MKLengthUnit.h; sourceTree = "<group>"; };
		90361464177E3B9800E3FAE1 /* MKLengthUnit.m */ = {isa = PBXFileReference; fileEncoding = 4; lastKnownFileType = sourcecode.c.objc; path = MKLengthUnit.m; sourceTree = "<group>"; };
		90361466177F2CC000E3FAE1 /* MKByteUnit.h */ = {isa = PBXFileReference; fileEncoding = 4; lastKnownFileType = sourcecode.c.h; path = MKByteUnit.h; sourceTree = "<group>"; };
		90361467177F2CC000E3FAE1 /* MKByteUnit.m */ = {isa = PBXFileReference; fileEncoding = 4; lastKnownFileType = sourcecode.c.objc; path = MKByteUnit.m; sourceTree = "<group>"; };
		9036146A177FAC0800E3FAE1 /* MKByteUnit_Tests.m */ = {isa = PBXFileReference; fileEncoding = 4; lastKnownFileType = sourcecode.c.objc; path = MKByteUnit_Tests.m; sourceTree = "<group>"; };
		9036146E177FB41500E3FAE1 /* MKTimeUnit.h */ = {isa = PBXFileReference; fileEncoding = 4; lastKnownFileType = sourcecode.c.h; path = MKTimeUnit.h; sourceTree = "<group>"; };
		9036146F177FB41500E3FAE1 /* MKTimeUnit.m */ = {isa = PBXFileReference; fileEncoding = 4; lastKnownFileType = sourcecode.c.objc; path = MKTimeUnit.m; sourceTree = "<group>"; };
		90361471177FB42900E3FAE1 /* MKTimeUnit_Tests.m */ = {isa = PBXFileReference; fileEncoding = 4; lastKnownFileType = sourcecode.c.objc; path = MKTimeUnit_Tests.m; sourceTree = "<group>"; };
		90370064177D0BD400708FEA /* MKUnits.app */ = {isa = PBXFileReference; explicitFileType = wrapper.application; includeInIndex = 0; path = MKUnits.app; sourceTree = BUILT_PRODUCTS_DIR; };
		90370067177D0BD400708FEA /* UIKit.framework */ = {isa = PBXFileReference; lastKnownFileType = wrapper.framework; name = UIKit.framework; path = System/Library/Frameworks/UIKit.framework; sourceTree = SDKROOT; };
		90370069177D0BD400708FEA /* Foundation.framework */ = {isa = PBXFileReference; lastKnownFileType = wrapper.framework; name = Foundation.framework; path = System/Library/Frameworks/Foundation.framework; sourceTree = SDKROOT; };
		9037006B177D0BD400708FEA /* CoreGraphics.framework */ = {isa = PBXFileReference; lastKnownFileType = wrapper.framework; name = CoreGraphics.framework; path = System/Library/Frameworks/CoreGraphics.framework; sourceTree = SDKROOT; };
		9037006F177D0BD400708FEA /* MKUnits-Info.plist */ = {isa = PBXFileReference; lastKnownFileType = text.plist.xml; path = "MKUnits-Info.plist"; sourceTree = "<group>"; };
		90370071177D0BD400708FEA /* en */ = {isa = PBXFileReference; lastKnownFileType = text.plist.strings; name = en; path = en.lproj/InfoPlist.strings; sourceTree = "<group>"; };
		90370073177D0BD400708FEA /* main.m */ = {isa = PBXFileReference; lastKnownFileType = sourcecode.c.objc; path = main.m; sourceTree = "<group>"; };
		90370075177D0BD400708FEA /* MKUnits-Prefix.pch */ = {isa = PBXFileReference; lastKnownFileType = sourcecode.c.h; path = "MKUnits-Prefix.pch"; sourceTree = "<group>"; };
		90370076177D0BD400708FEA /* AppDelegate.h */ = {isa = PBXFileReference; lastKnownFileType = sourcecode.c.h; path = AppDelegate.h; sourceTree = "<group>"; };
		90370077177D0BD400708FEA /* AppDelegate.m */ = {isa = PBXFileReference; lastKnownFileType = sourcecode.c.objc; path = AppDelegate.m; sourceTree = "<group>"; };
		90370079177D0BD400708FEA /* Default.png */ = {isa = PBXFileReference; lastKnownFileType = image.png; path = Default.png; sourceTree = "<group>"; };
		9037007B177D0BD400708FEA /* Default@2x.png */ = {isa = PBXFileReference; lastKnownFileType = image.png; path = "Default@2x.png"; sourceTree = "<group>"; };
		9037007D177D0BD400708FEA /* Default-568h@2x.png */ = {isa = PBXFileReference; lastKnownFileType = image.png; path = "Default-568h@2x.png"; sourceTree = "<group>"; };
		90370084177D0BD400708FEA /* MKUnitsTests.octest */ = {isa = PBXFileReference; explicitFileType = wrapper.cfbundle; includeInIndex = 0; path = MKUnitsTests.octest; sourceTree = BUILT_PRODUCTS_DIR; };
		90370085177D0BD400708FEA /* SenTestingKit.framework */ = {isa = PBXFileReference; lastKnownFileType = wrapper.framework; name = SenTestingKit.framework; path = Library/Frameworks/SenTestingKit.framework; sourceTree = DEVELOPER_DIR; };
		9037008D177D0BD400708FEA /* MKUnitsTests-Info.plist */ = {isa = PBXFileReference; lastKnownFileType = text.plist.xml; path = "MKUnitsTests-Info.plist"; sourceTree = "<group>"; };
		9037008F177D0BD400708FEA /* en */ = {isa = PBXFileReference; lastKnownFileType = text.plist.strings; name = en; path = en.lproj/InfoPlist.strings; sourceTree = "<group>"; };
		904F619C177FC8A200CD4DFC /* MKLengthUnit_Tests.m */ = {isa = PBXFileReference; fileEncoding = 4; lastKnownFileType = sourcecode.c.objc; path = MKLengthUnit_Tests.m; sourceTree = "<group>"; };
		904F619E177FCAE500CD4DFC /* MKAreaUnit.h */ = {isa = PBXFileReference; fileEncoding = 4; lastKnownFileType = sourcecode.c.h; path = MKAreaUnit.h; sourceTree = "<group>"; };
		904F619F177FCAE500CD4DFC /* MKAreaUnit.m */ = {isa = PBXFileReference; fileEncoding = 4; lastKnownFileType = sourcecode.c.objc; path = MKAreaUnit.m; sourceTree = "<group>"; };
		904F61A1177FCDEA00CD4DFC /* MKArea_Tests.m */ = {isa = PBXFileReference; fileEncoding = 4; lastKnownFileType = sourcecode.c.objc; path = MKArea_Tests.m; sourceTree = "<group>"; };
		9069CC82177FC5420056A364 /* MKMassUnit_Tests.m */ = {isa = PBXFileReference; fileEncoding = 4; lastKnownFileType = sourcecode.c.objc; path = MKMassUnit_Tests.m; sourceTree = "<group>"; };
		B5CF1D0DEB864CABB46F1979 /* Pods-MKUnitsTests.xcconfig */ = {isa = PBXFileReference; includeInIndex = 1; lastKnownFileType = text.xcconfig; name = "Pods-MKUnitsTests.xcconfig"; path = "Pods/Pods-MKUnitsTests.xcconfig"; sourceTree = SOURCE_ROOT; };
		F1F1D34DC47C415180711C40 /* libPods-MKUnitsTests.a */ = {isa = PBXFileReference; explicitFileType = archive.ar; includeInIndex = 0; path = "libPods-MKUnitsTests.a"; sourceTree = BUILT_PRODUCTS_DIR; };
/* End PBXFileReference section */

/* Begin PBXFrameworksBuildPhase section */
		90370061177D0BD400708FEA /* Frameworks */ = {
			isa = PBXFrameworksBuildPhase;
			buildActionMask = 2147483647;
			files = (
				90370068177D0BD400708FEA /* UIKit.framework in Frameworks */,
				9037006A177D0BD400708FEA /* Foundation.framework in Frameworks */,
				9037006C177D0BD400708FEA /* CoreGraphics.framework in Frameworks */,
			);
			runOnlyForDeploymentPostprocessing = 0;
		};
		90370080177D0BD400708FEA /* Frameworks */ = {
			isa = PBXFrameworksBuildPhase;
			buildActionMask = 2147483647;
			files = (
				90370086177D0BD400708FEA /* SenTestingKit.framework in Frameworks */,
				90370087177D0BD400708FEA /* UIKit.framework in Frameworks */,
				90370088177D0BD400708FEA /* Foundation.framework in Frameworks */,
				F01588EF7C664B74B8BBE5E8 /* libPods-MKUnitsTests.a in Frameworks */,
			);
			runOnlyForDeploymentPostprocessing = 0;
		};
/* End PBXFrameworksBuildPhase section */

/* Begin PBXGroup section */
		903335B3177D0CCC00FE8665 /* Source */ = {
			isa = PBXGroup;
			children = (
				903335B4177D0CCC00FE8665 /* Core */,
				903335BC177D0CCC00FE8665 /* Externals */,
				903335C0177D0CCC00FE8665 /* Units */,
			);
			path = Source;
			sourceTree = "<group>";
		};
		903335B4177D0CCC00FE8665 /* Core */ = {
			isa = PBXGroup;
			children = (
				903335BB177D0CCC00FE8665 /* MKUnits.h */,
				903335B9177D0CCC00FE8665 /* MKUnit.h */,
				903335BA177D0CCC00FE8665 /* MKUnit.m */,
				903335B7177D0CCC00FE8665 /* MKUnit+MKQuantity.h */,
				903335B8177D0CCC00FE8665 /* MKUnit+MKQuantity.m */,
				903335B5177D0CCC00FE8665 /* MKQuantity.h */,
				903335B6177D0CCC00FE8665 /* MKQuantity.m */,
			);
			path = Core;
			sourceTree = "<group>";
		};
		903335BC177D0CCC00FE8665 /* Externals */ = {
			isa = PBXGroup;
			children = (
				903335BD177D0CCC00FE8665 /* MKMacros.h */,
				903335BE177D0CCC00FE8665 /* NSDecimalNumber+Negative.h */,
				903335BF177D0CCC00FE8665 /* NSDecimalNumber+Negative.m */,
			);
			path = Externals;
			sourceTree = "<group>";
		};
		903335C0177D0CCC00FE8665 /* Units */ = {
			isa = PBXGroup;
			children = (
				903335C1177D0CCC00FE8665 /* Area */,
				903335C3177D0CCC00FE8665 /* Byte */,
				903335C5177D0CCC00FE8665 /* Length */,
				903335C7177D0CCC00FE8665 /* Mass */,
				903335C9177D0CCC00FE8665 /* Temperature */,
				903335CB177D0CCC00FE8665 /* Time */,
			);
			path = Units;
			sourceTree = "<group>";
		};
		903335C1177D0CCC00FE8665 /* Area */ = {
			isa = PBXGroup;
			children = (
				904F619E177FCAE500CD4DFC /* MKAreaUnit.h */,
				904F619F177FCAE500CD4DFC /* MKAreaUnit.m */,
			);
			path = Area;
			sourceTree = "<group>";
		};
		903335C3177D0CCC00FE8665 /* Byte */ = {
			isa = PBXGroup;
			children = (
				90361466177F2CC000E3FAE1 /* MKByteUnit.h */,
				90361467177F2CC000E3FAE1 /* MKByteUnit.m */,
			);
			path = Byte;
			sourceTree = "<group>";
		};
		903335C5177D0CCC00FE8665 /* Length */ = {
			isa = PBXGroup;
			children = (
				90361463177E3B9800E3FAE1 /* MKLengthUnit.h */,
				90361464177E3B9800E3FAE1 /* MKLengthUnit.m */,
			);
			path = Length;
			sourceTree = "<group>";
		};
		903335C7177D0CCC00FE8665 /* Mass */ = {
			isa = PBXGroup;
			children = (
				90361460177E38C700E3FAE1 /* MKMassUnit.h */,
				90361461177E38C700E3FAE1 /* MKMassUnit.m */,
			);
			path = Mass;
			sourceTree = "<group>";
		};
		903335C9177D0CCC00FE8665 /* Temperature */ = {
			isa = PBXGroup;
			children = (
			);
			path = Temperature;
			sourceTree = "<group>";
		};
		903335CB177D0CCC00FE8665 /* Time */ = {
			isa = PBXGroup;
			children = (
				9036146E177FB41500E3FAE1 /* MKTimeUnit.h */,
				9036146F177FB41500E3FAE1 /* MKTimeUnit.m */,
			);
			path = Time;
			sourceTree = "<group>";
		};
		90361469177FABE200E3FAE1 /* units-tests */ = {
			isa = PBXGroup;
			children = (
				904F61A1177FCDEA00CD4DFC /* MKArea_Tests.m */,
				9036146A177FAC0800E3FAE1 /* MKByteUnit_Tests.m */,
				9069CC82177FC5420056A364 /* MKMassUnit_Tests.m */,
				904F619C177FC8A200CD4DFC /* MKLengthUnit_Tests.m */,
				90361471177FB42900E3FAE1 /* MKTimeUnit_Tests.m */,
			);
			name = "units-tests";
			sourceTree = "<group>";
		};
		9037005B177D0BD400708FEA = {
			isa = PBXGroup;
			children = (
				9037006D177D0BD400708FEA /* MKUnits */,
				9037008B177D0BD400708FEA /* MKUnitsTests */,
				90370066177D0BD400708FEA /* Frameworks */,
				90370065177D0BD400708FEA /* Products */,
				B5CF1D0DEB864CABB46F1979 /* Pods-MKUnitsTests.xcconfig */,
			);
			sourceTree = "<group>";
		};
		90370065177D0BD400708FEA /* Products */ = {
			isa = PBXGroup;
			children = (
				90370064177D0BD400708FEA /* MKUnits.app */,
				90370084177D0BD400708FEA /* MKUnitsTests.octest */,
			);
			name = Products;
			sourceTree = "<group>";
		};
		90370066177D0BD400708FEA /* Frameworks */ = {
			isa = PBXGroup;
			children = (
				90370067177D0BD400708FEA /* UIKit.framework */,
				90370069177D0BD400708FEA /* Foundation.framework */,
				9037006B177D0BD400708FEA /* CoreGraphics.framework */,
				90370085177D0BD400708FEA /* SenTestingKit.framework */,
				F1F1D34DC47C415180711C40 /* libPods-MKUnitsTests.a */,
			);
			name = Frameworks;
			sourceTree = "<group>";
		};
		9037006D177D0BD400708FEA /* MKUnits */ = {
			isa = PBXGroup;
			children = (
				903335B3177D0CCC00FE8665 /* Source */,
				90370076177D0BD400708FEA /* AppDelegate.h */,
				90370077177D0BD400708FEA /* AppDelegate.m */,
				9037006E177D0BD400708FEA /* Supporting Files */,
			);
			path = MKUnits;
			sourceTree = "<group>";
		};
		9037006E177D0BD400708FEA /* Supporting Files */ = {
			isa = PBXGroup;
			children = (
				9037006F177D0BD400708FEA /* MKUnits-Info.plist */,
				90370070177D0BD400708FEA /* InfoPlist.strings */,
				90370073177D0BD400708FEA /* main.m */,
				90370075177D0BD400708FEA /* MKUnits-Prefix.pch */,
				90370079177D0BD400708FEA /* Default.png */,
				9037007B177D0BD400708FEA /* Default@2x.png */,
				9037007D177D0BD400708FEA /* Default-568h@2x.png */,
			);
			name = "Supporting Files";
			sourceTree = "<group>";
		};
		9037008B177D0BD400708FEA /* MKUnitsTests */ = {
			isa = PBXGroup;
			children = (
				903335D7177D0CF000FE8665 /* Base_Tests.h */,
				9091EA14177D98EC00D334BB /* core-tests */,
				9091EA15177D98FF00D334BB /* externals-tests */,
				90361469177FABE200E3FAE1 /* units-tests */,
				9037008C177D0BD400708FEA /* Supporting Files */,
			);
			path = MKUnitsTests;
			sourceTree = "<group>";
		};
		9037008C177D0BD400708FEA /* Supporting Files */ = {
			isa = PBXGroup;
			children = (
				9037008D177D0BD400708FEA /* MKUnitsTests-Info.plist */,
				9037008E177D0BD400708FEA /* InfoPlist.strings */,
			);
			name = "Supporting Files";
			sourceTree = "<group>";
		};
		9091EA14177D98EC00D334BB /* core-tests */ = {
			isa = PBXGroup;
			children = (
				903335D8177D0CF000FE8665 /* MKQuantity_Tests.m */,
				903335D9177D0CF000FE8665 /* MKUnit_Tests.m */,
			);
			name = "core-tests";
			sourceTree = "<group>";
		};
		9091EA15177D98FF00D334BB /* externals-tests */ = {
			isa = PBXGroup;
			children = (
				903335DA177D0CF000FE8665 /* NSDecimalNumber+Negative_Tests.m */,
			);
			name = "externals-tests";
			sourceTree = "<group>";
		};
/* End PBXGroup section */

/* Begin PBXNativeTarget section */
		90370063177D0BD400708FEA /* MKUnits */ = {
			isa = PBXNativeTarget;
			buildConfigurationList = 90370096177D0BD400708FEA /* Build configuration list for PBXNativeTarget "MKUnits" */;
			buildPhases = (
				90370060177D0BD400708FEA /* Sources */,
				90370061177D0BD400708FEA /* Frameworks */,
				90370062177D0BD400708FEA /* Resources */,
			);
			buildRules = (
			);
			dependencies = (
			);
			name = MKUnits;
			productName = MKUnits;
			productReference = 90370064177D0BD400708FEA /* MKUnits.app */;
			productType = "com.apple.product-type.application";
		};
		90370083177D0BD400708FEA /* MKUnitsTests */ = {
			isa = PBXNativeTarget;
			buildConfigurationList = 90370099177D0BD400708FEA /* Build configuration list for PBXNativeTarget "MKUnitsTests" */;
			buildPhases = (
				339AAD8458D24E53ABD5E580 /* Check Pods Manifest.lock */,
				9037007F177D0BD400708FEA /* Sources */,
				90370080177D0BD400708FEA /* Frameworks */,
				90370081177D0BD400708FEA /* Resources */,
				90370082177D0BD400708FEA /* ShellScript */,
				F343E75DDB9849EFA2EE2B74 /* Copy Pods Resources */,
			);
			buildRules = (
			);
			dependencies = (
				9037008A177D0BD400708FEA /* PBXTargetDependency */,
			);
			name = MKUnitsTests;
			productName = MKUnitsTests;
			productReference = 90370084177D0BD400708FEA /* MKUnitsTests.octest */;
			productType = "com.apple.product-type.bundle";
		};
/* End PBXNativeTarget section */

/* Begin PBXProject section */
		9037005C177D0BD400708FEA /* Project object */ = {
			isa = PBXProject;
			attributes = {
				LastUpgradeCheck = 0460;
				ORGANIZATIONNAME = "Michal Konturek";
			};
			buildConfigurationList = 9037005F177D0BD400708FEA /* Build configuration list for PBXProject "MKUnits" */;
			compatibilityVersion = "Xcode 3.2";
			developmentRegion = English;
			hasScannedForEncodings = 0;
			knownRegions = (
				en,
			);
			mainGroup = 9037005B177D0BD400708FEA;
			productRefGroup = 90370065177D0BD400708FEA /* Products */;
			projectDirPath = "";
			projectRoot = "";
			targets = (
				90370063177D0BD400708FEA /* MKUnits */,
				90370083177D0BD400708FEA /* MKUnitsTests */,
			);
		};
/* End PBXProject section */

/* Begin PBXResourcesBuildPhase section */
		90370062177D0BD400708FEA /* Resources */ = {
			isa = PBXResourcesBuildPhase;
			buildActionMask = 2147483647;
			files = (
				90370072177D0BD400708FEA /* InfoPlist.strings in Resources */,
				9037007A177D0BD400708FEA /* Default.png in Resources */,
				9037007C177D0BD400708FEA /* Default@2x.png in Resources */,
				9037007E177D0BD400708FEA /* Default-568h@2x.png in Resources */,
			);
			runOnlyForDeploymentPostprocessing = 0;
		};
		90370081177D0BD400708FEA /* Resources */ = {
			isa = PBXResourcesBuildPhase;
			buildActionMask = 2147483647;
			files = (
				90370090177D0BD400708FEA /* InfoPlist.strings in Resources */,
			);
			runOnlyForDeploymentPostprocessing = 0;
		};
/* End PBXResourcesBuildPhase section */

/* Begin PBXShellScriptBuildPhase section */
		339AAD8458D24E53ABD5E580 /* Check Pods Manifest.lock */ = {
			isa = PBXShellScriptBuildPhase;
			buildActionMask = 2147483647;
			files = (
			);
			inputPaths = (
			);
			name = "Check Pods Manifest.lock";
			outputPaths = (
			);
			runOnlyForDeploymentPostprocessing = 0;
			shellPath = /bin/sh;
			shellScript = "diff \"${PODS_ROOT}/../Podfile.lock\" \"${PODS_ROOT}/Manifest.lock\" > /dev/null\nif [[ $? != 0 ]] ; then\n    cat << EOM\nerror: The sandbox is not in sync with the Podfile.lock. Run 'pod install' or update your CocoaPods installation.\nEOM\n    exit 1\nfi\n";
		};
		90370082177D0BD400708FEA /* ShellScript */ = {
			isa = PBXShellScriptBuildPhase;
			buildActionMask = 2147483647;
			files = (
			);
			inputPaths = (
			);
			outputPaths = (
			);
			runOnlyForDeploymentPostprocessing = 0;
			shellPath = /bin/sh;
			shellScript = "# Run the unit tests in this test bundle.\n\"${SYSTEM_DEVELOPER_DIR}/Tools/RunUnitTests\"\n";
		};
		F343E75DDB9849EFA2EE2B74 /* Copy Pods Resources */ = {
			isa = PBXShellScriptBuildPhase;
			buildActionMask = 2147483647;
			files = (
			);
			inputPaths = (
			);
			name = "Copy Pods Resources";
			outputPaths = (
			);
			runOnlyForDeploymentPostprocessing = 0;
			shellPath = /bin/sh;
			shellScript = "\"${SRCROOT}/Pods/Pods-MKUnitsTests-resources.sh\"\n";
		};
/* End PBXShellScriptBuildPhase section */

/* Begin PBXSourcesBuildPhase section */
		90370060177D0BD400708FEA /* Sources */ = {
			isa = PBXSourcesBuildPhase;
			buildActionMask = 2147483647;
			files = (
				90361468177F2CC000E3FAE1 /* MKByteUnit.m in Sources */,
				90370074177D0BD400708FEA /* main.m in Sources */,
				90370078177D0BD400708FEA /* AppDelegate.m in Sources */,
				90361470177FB41500E3FAE1 /* MKTimeUnit.m in Sources */,
				904F61A0177FCAE500CD4DFC /* MKAreaUnit.m in Sources */,
				903335CD177D0CCC00FE8665 /* MKQuantity.m in Sources */,
				90361465177E3B9800E3FAE1 /* MKLengthUnit.m in Sources */,
				903335CE177D0CCC00FE8665 /* MKUnit+MKQuantity.m in Sources */,
				90361462177E38C700E3FAE1 /* MKMassUnit.m in Sources */,
				903335CF177D0CCC00FE8665 /* MKUnit.m in Sources */,
				903335D0177D0CCC00FE8665 /* NSDecimalNumber+Negative.m in Sources */,
			);
			runOnlyForDeploymentPostprocessing = 0;
		};
		9037007F177D0BD400708FEA /* Sources */ = {
			isa = PBXSourcesBuildPhase;
			buildActionMask = 2147483647;
			files = (
				903335DB177D0CF000FE8665 /* MKQuantity_Tests.m in Sources */,
				90361472177FB42900E3FAE1 /* MKTimeUnit_Tests.m in Sources */,
				903335DC177D0CF000FE8665 /* MKUnit_Tests.m in Sources */,
				904F619B177FC7EF00CD4DFC /* MKMassUnit_Tests.m in Sources */,
				904F61A2177FCDEA00CD4DFC /* MKArea_Tests.m in Sources */,
				904F619D177FC8A200CD4DFC /* MKLengthUnit_Tests.m in Sources */,
				903335DD177D0CF000FE8665 /* NSDecimalNumber+Negative_Tests.m in Sources */,
				9036146B177FAC0800E3FAE1 /* MKByteUnit_Tests.m in Sources */,
			);
			runOnlyForDeploymentPostprocessing = 0;
		};
/* End PBXSourcesBuildPhase section */

/* Begin PBXTargetDependency section */
		9037008A177D0BD400708FEA /* PBXTargetDependency */ = {
			isa = PBXTargetDependency;
			target = 90370063177D0BD400708FEA /* MKUnits */;
			targetProxy = 90370089177D0BD400708FEA /* PBXContainerItemProxy */;
		};
/* End PBXTargetDependency section */

/* Begin PBXVariantGroup section */
		90370070177D0BD400708FEA /* InfoPlist.strings */ = {
			isa = PBXVariantGroup;
			children = (
				90370071177D0BD400708FEA /* en */,
			);
			name = InfoPlist.strings;
			sourceTree = "<group>";
		};
		9037008E177D0BD400708FEA /* InfoPlist.strings */ = {
			isa = PBXVariantGroup;
			children = (
				9037008F177D0BD400708FEA /* en */,
			);
			name = InfoPlist.strings;
			sourceTree = "<group>";
		};
/* End PBXVariantGroup section */

/* Begin XCBuildConfiguration section */
		90370094177D0BD400708FEA /* Debug */ = {
			isa = XCBuildConfiguration;
			buildSettings = {
				ALWAYS_SEARCH_USER_PATHS = YES;
				CLANG_CXX_LANGUAGE_STANDARD = "gnu++0x";
				CLANG_CXX_LIBRARY = "libc++";
				CLANG_ENABLE_OBJC_ARC = YES;
				CLANG_WARN_CONSTANT_CONVERSION = YES;
				CLANG_WARN_EMPTY_BODY = YES;
				CLANG_WARN_ENUM_CONVERSION = YES;
				CLANG_WARN_INT_CONVERSION = YES;
				CLANG_WARN__DUPLICATE_METHOD_MATCH = YES;
				CODE_SIGN_IDENTITY = "iPhone Developer";
				"CODE_SIGN_IDENTITY[sdk=iphoneos*]" = "iPhone Developer";
				COPY_PHASE_STRIP = NO;
				GCC_C_LANGUAGE_STANDARD = gnu99;
				GCC_DYNAMIC_NO_PIC = NO;
				GCC_OPTIMIZATION_LEVEL = 0;
				GCC_PREPROCESSOR_DEFINITIONS = (
					"DEBUG=1",
					"$(inherited)",
				);
				GCC_SYMBOLS_PRIVATE_EXTERN = NO;
				GCC_WARN_ABOUT_RETURN_TYPE = YES;
				GCC_WARN_UNINITIALIZED_AUTOS = YES;
				GCC_WARN_UNUSED_VARIABLE = YES;
				IPHONEOS_DEPLOYMENT_TARGET = 6.1;
				ONLY_ACTIVE_ARCH = NO;
				SDKROOT = iphoneos;
				USER_HEADER_SEARCH_PATHS = "$(SRCROOT)/**";
			};
			name = Debug;
		};
		90370095177D0BD400708FEA /* Release */ = {
			isa = XCBuildConfiguration;
			buildSettings = {
				ALWAYS_SEARCH_USER_PATHS = YES;
				CLANG_CXX_LANGUAGE_STANDARD = "gnu++0x";
				CLANG_CXX_LIBRARY = "libc++";
				CLANG_ENABLE_OBJC_ARC = YES;
				CLANG_WARN_CONSTANT_CONVERSION = YES;
				CLANG_WARN_EMPTY_BODY = YES;
				CLANG_WARN_ENUM_CONVERSION = YES;
				CLANG_WARN_INT_CONVERSION = YES;
				CLANG_WARN__DUPLICATE_METHOD_MATCH = YES;
				CODE_SIGN_IDENTITY = "iPhone Developer";
				"CODE_SIGN_IDENTITY[sdk=iphoneos*]" = "iPhone Developer";
				COPY_PHASE_STRIP = YES;
				GCC_C_LANGUAGE_STANDARD = gnu99;
				GCC_WARN_ABOUT_RETURN_TYPE = YES;
				GCC_WARN_UNINITIALIZED_AUTOS = YES;
				GCC_WARN_UNUSED_VARIABLE = YES;
				IPHONEOS_DEPLOYMENT_TARGET = 6.1;
				ONLY_ACTIVE_ARCH = NO;
				OTHER_CFLAGS = "-DNS_BLOCK_ASSERTIONS=1";
				SDKROOT = iphoneos;
				USER_HEADER_SEARCH_PATHS = "$(SRCROOT)/**";
				VALIDATE_PRODUCT = YES;
			};
			name = Release;
		};
		90370097177D0BD400708FEA /* Debug */ = {
			isa = XCBuildConfiguration;
			buildSettings = {
				GCC_PRECOMPILE_PREFIX_HEADER = YES;
				GCC_PREFIX_HEADER = "MKUnits/MKUnits-Prefix.pch";
				INFOPLIST_FILE = "MKUnits/MKUnits-Info.plist";
				PRODUCT_NAME = "$(TARGET_NAME)";
				WRAPPER_EXTENSION = app;
			};
			name = Debug;
		};
		90370098177D0BD400708FEA /* Release */ = {
			isa = XCBuildConfiguration;
			buildSettings = {
				GCC_PRECOMPILE_PREFIX_HEADER = YES;
				GCC_PREFIX_HEADER = "MKUnits/MKUnits-Prefix.pch";
				INFOPLIST_FILE = "MKUnits/MKUnits-Info.plist";
				PRODUCT_NAME = "$(TARGET_NAME)";
				WRAPPER_EXTENSION = app;
			};
			name = Release;
		};
		9037009A177D0BD400708FEA /* Debug */ = {
			isa = XCBuildConfiguration;
			baseConfigurationReference = B5CF1D0DEB864CABB46F1979 /* Pods-MKUnitsTests.xcconfig */;
			buildSettings = {
				BUNDLE_LOADER = "$(BUILT_PRODUCTS_DIR)/MKUnits.app/MKUnits";
				FRAMEWORK_SEARCH_PATHS = (
					"\"$(SDKROOT)/Developer/Library/Frameworks\"",
					"\"$(DEVELOPER_LIBRARY_DIR)/Frameworks\"",
				);
				GCC_PRECOMPILE_PREFIX_HEADER = YES;
				GCC_PREFIX_HEADER = "MKUnits/MKUnits-Prefix.pch";
				INFOPLIST_FILE = "MKUnitsTests/MKUnitsTests-Info.plist";
				PRODUCT_NAME = "$(TARGET_NAME)";
				TEST_HOST = "$(BUNDLE_LOADER)";
				WRAPPER_EXTENSION = octest;
			};
			name = Debug;
		};
		9037009B177D0BD400708FEA /* Release */ = {
			isa = XCBuildConfiguration;
			baseConfigurationReference = B5CF1D0DEB864CABB46F1979 /* Pods-MKUnitsTests.xcconfig */;
			buildSettings = {
				BUNDLE_LOADER = "$(BUILT_PRODUCTS_DIR)/MKUnits.app/MKUnits";
				FRAMEWORK_SEARCH_PATHS = (
					"\"$(SDKROOT)/Developer/Library/Frameworks\"",
					"\"$(DEVELOPER_LIBRARY_DIR)/Frameworks\"",
				);
				GCC_PRECOMPILE_PREFIX_HEADER = YES;
				GCC_PREFIX_HEADER = "MKUnits/MKUnits-Prefix.pch";
				INFOPLIST_FILE = "MKUnitsTests/MKUnitsTests-Info.plist";
				PRODUCT_NAME = "$(TARGET_NAME)";
				TEST_HOST = "$(BUNDLE_LOADER)";
				WRAPPER_EXTENSION = octest;
			};
			name = Release;
		};
/* End XCBuildConfiguration section */

/* Begin XCConfigurationList section */
		9037005F177D0BD400708FEA /* Build configuration list for PBXProject "MKUnits" */ = {
			isa = XCConfigurationList;
			buildConfigurations = (
				90370094177D0BD400708FEA /* Debug */,
				90370095177D0BD400708FEA /* Release */,
			);
			defaultConfigurationIsVisible = 0;
			defaultConfigurationName = Release;
		};
		90370096177D0BD400708FEA /* Build configuration list for PBXNativeTarget "MKUnits" */ = {
			isa = XCConfigurationList;
			buildConfigurations = (
				90370097177D0BD400708FEA /* Debug */,
				90370098177D0BD400708FEA /* Release */,
			);
			defaultConfigurationIsVisible = 0;
			defaultConfigurationName = Release;
		};
		90370099177D0BD400708FEA /* Build configuration list for PBXNativeTarget "MKUnitsTests" */ = {
			isa = XCConfigurationList;
			buildConfigurations = (
				9037009A177D0BD400708FEA /* Debug */,
				9037009B177D0BD400708FEA /* Release */,
			);
			defaultConfigurationIsVisible = 0;
			defaultConfigurationName = Release;
		};
/* End XCConfigurationList section */
	};
	rootObject = 9037005C177D0BD400708FEA /* Project object */;
}
