PODS:
  - MKUnits (0.1.0)
  - Nimble (3.2.0)
  - Quick (0.9.2)

DEPENDENCIES:
  - MKUnits (from `../`)
  - Nimble (~> 3.0)
  - Quick (~> 0.8)

EXTERNAL SOURCES:
  MKUnits:
    :path: "../"

SPEC CHECKSUMS:
  MKUnits: '030822671d792219abce78923be0cab410f5d446'
  Nimble: 703854335d181df169bbca9c97117b5cf8c47c1d
  Quick: 18d057bc66451eedd5d1c8dc99ba2a5db6e60226

PODFILE CHECKSUM: 2de6096ec053c12a0a2f965b064a96c986189f3d

COCOAPODS: 1.0.1
