// !$*UTF8*$!
{
	archiveVersion = 1;
	classes = {
	};
	objectVersion = 46;
	objects = {

/* Begin PBXBuildFile section */
		0F69A73CC5073054B4E5C70C /* Pods_MKUnits_Tests.framework in Frameworks */ = {isa = PBXBuildFile; fileRef = 8E4DA2038FC257C03F200478 /* Pods_MKUnits_Tests.framework */; };
		900FEA861D4AEBE9003B1D6A /* UnitTests.swift in Sources */ = {isa = PBXBuildFile; fileRef = 900FEA851D4AEBE9003B1D6A /* UnitTests.swift */; };
		900FEA8A1D4BEF1B003B1D6A /* QuantityTests.swift in Sources */ = {isa = PBXBuildFile; fileRef = 900FEA891D4BEF1B003B1D6A /* QuantityTests.swift */; };
		900FEA901D4D398A003B1D6A /* MassUnitTests.swift in Sources */ = {isa = PBXBuildFile; fileRef = 900FEA8F1D4D398A003B1D6A /* MassUnitTests.swift */; };
		900FEA941D4E5F62003B1D6A /* TimeUnitTests.swift in Sources */ = {isa = PBXBuildFile; fileRef = 900FEA931D4E5F62003B1D6A /* TimeUnitTests.swift */; };
		900FEA981D4E6022003B1D6A /* EnergyUnitTests.swift in Sources */ = {isa = PBXBuildFile; fileRef = 900FEA971D4E6022003B1D6A /* EnergyUnitTests.swift */; };
		90106EA71D4F946200DFB3D3 /* MassUnitImperialTests.swift in Sources */ = {isa = PBXBuildFile; fileRef = 90106EA61D4F946200DFB3D3 /* MassUnitImperialTests.swift */; };
		90106EAD1D4F9FE000DFB3D3 /* LengthUnitTests.swift in Sources */ = {isa = PBXBuildFile; fileRef = 90106EAC1D4F9FE000DFB3D3 /* LengthUnitTests.swift */; };
		90106EB31D4FA60500DFB3D3 /* LengthUnitImperialTests.swift in Sources */ = {isa = PBXBuildFile; fileRef = 90106EB21D4FA60500DFB3D3 /* LengthUnitImperialTests.swift */; };
		90106EB71D4FB07D00DFB3D3 /* VolumeUnitTests.swift in Sources */ = {isa = PBXBuildFile; fileRef = 90106EB61D4FB07D00DFB3D3 /* VolumeUnitTests.swift */; };
/* End PBXBuildFile section */

/* Begin PBXFileReference section */
		350D03EF2508F3327F76DCF3 /* MKUnits.podspec */ = {isa = PBXFileReference; includeInIndex = 1; lastKnownFileType = text; name = MKUnits.podspec; path = ../MKUnits.podspec; sourceTree = "<group>"; };
		607FACE51AFB9204008FA782 /* MKUnits_Tests.xctest */ = {isa = PBXFileReference; explicitFileType = wrapper.cfbundle; includeInIndex = 0; path = MKUnits_Tests.xctest; sourceTree = BUILT_PRODUCTS_DIR; };
		607FACEA1AFB9204008FA782 /* Info.plist */ = {isa = PBXFileReference; lastKnownFileType = text.plist.xml; path = Info.plist; sourceTree = "<group>"; };
		741DAAC0AC797AD1D37359B8 /* Pods-MKUnits_Tests.debug.xcconfig */ = {isa = PBXFileReference; includeInIndex = 1; lastKnownFileType = text.xcconfig; name = "Pods-MKUnits_Tests.debug.xcconfig"; path = "Pods/Target Support Files/Pods-MKUnits_Tests/Pods-MKUnits_Tests.debug.xcconfig"; sourceTree = "<group>"; };
		8E4DA2038FC257C03F200478 /* Pods_MKUnits_Tests.framework */ = {isa = PBXFileReference; explicitFileType = wrapper.framework; includeInIndex = 0; path = Pods_MKUnits_Tests.framework; sourceTree = BUILT_PRODUCTS_DIR; };
		900FEA851D4AEBE9003B1D6A /* UnitTests.swift */ = {isa = PBXFileReference; fileEncoding = 4; lastKnownFileType = sourcecode.swift; path = UnitTests.swift; sourceTree = "<group>"; };
		900FEA891D4BEF1B003B1D6A /* QuantityTests.swift */ = {isa = PBXFileReference; fileEncoding = 4; lastKnownFileType = sourcecode.swift; path = QuantityTests.swift; sourceTree = "<group>"; };
		900FEA8F1D4D398A003B1D6A /* MassUnitTests.swift */ = {isa = PBXFileReference; fileEncoding = 4; lastKnownFileType = sourcecode.swift; path = MassUnitTests.swift; sourceTree = "<group>"; };
		900FEA931D4E5F62003B1D6A /* TimeUnitTests.swift */ = {isa = PBXFileReference; fileEncoding = 4; lastKnownFileType = sourcecode.swift; path = TimeUnitTests.swift; sourceTree = "<group>"; };
		900FEA971D4E6022003B1D6A /* EnergyUnitTests.swift */ = {isa = PBXFileReference; fileEncoding = 4; lastKnownFileType = sourcecode.swift; path = EnergyUnitTests.swift; sourceTree = "<group>"; };
		90106EA61D4F946200DFB3D3 /* MassUnitImperialTests.swift */ = {isa = PBXFileReference; fileEncoding = 4; lastKnownFileType = sourcecode.swift; path = MassUnitImperialTests.swift; sourceTree = "<group>"; };
		90106EAC1D4F9FE000DFB3D3 /* LengthUnitTests.swift */ = {isa = PBXFileReference; fileEncoding = 4; lastKnownFileType = sourcecode.swift; path = LengthUnitTests.swift; sourceTree = "<group>"; };
		90106EB21D4FA60500DFB3D3 /* LengthUnitImperialTests.swift */ = {isa = PBXFileReference; fileEncoding = 4; lastKnownFileType = sourcecode.swift; path = LengthUnitImperialTests.swift; sourceTree = "<group>"; };
		90106EB61D4FB07D00DFB3D3 /* VolumeUnitTests.swift */ = {isa = PBXFileReference; fileEncoding = 4; lastKnownFileType = sourcecode.swift; path = VolumeUnitTests.swift; sourceTree = "<group>"; };
		A4B45273001DEE325A419DCE /* LICENSE */ = {isa = PBXFileReference; includeInIndex = 1; lastKnownFileType = text; name = LICENSE; path = ../LICENSE; sourceTree = "<group>"; };
		C206E3C2CE30C81C1E1F5A3D /* README.md */ = {isa = PBXFileReference; includeInIndex = 1; lastKnownFileType = net.daringfireball.markdown; name = README.md; path = ../README.md; sourceTree = "<group>"; };
		CB51FC6B42C8E9D666E48D27 /* Pods-MKUnits_Tests.release.xcconfig */ = {isa = PBXFileReference; includeInIndex = 1; lastKnownFileType = text.xcconfig; name = "Pods-MKUnits_Tests.release.xcconfig"; path = "Pods/Target Support Files/Pods-MKUnits_Tests/Pods-MKUnits_Tests.release.xcconfig"; sourceTree = "<group>"; };
/* End PBXFileReference section */

/* Begin PBXFrameworksBuildPhase section */
		607FACE21AFB9204008FA782 /* Frameworks */ = {
			isa = PBXFrameworksBuildPhase;
			buildActionMask = 2147483647;
			files = (
				0F69A73CC5073054B4E5C70C /* Pods_MKUnits_Tests.framework in Frameworks */,
			);
			runOnlyForDeploymentPostprocessing = 0;
		};
/* End PBXFrameworksBuildPhase section */

/* Begin PBXGroup section */
		1B27C66FDEF4C1DE291D891A /* Frameworks */ = {
			isa = PBXGroup;
			children = (
				8E4DA2038FC257C03F200478 /* Pods_MKUnits_Tests.framework */,
			);
			name = Frameworks;
			sourceTree = "<group>";
		};
		607FACC71AFB9204008FA782 = {
			isa = PBXGroup;
			children = (
				607FACF51AFB993E008FA782 /* Podspec Metadata */,
				607FACE81AFB9204008FA782 /* Tests */,
				607FACD11AFB9204008FA782 /* Products */,
				CCDC78258D34126725528C2C /* Pods */,
				1B27C66FDEF4C1DE291D891A /* Frameworks */,
			);
			sourceTree = "<group>";
		};
		607FACD11AFB9204008FA782 /* Products */ = {
			isa = PBXGroup;
			children = (
				607FACE51AFB9204008FA782 /* MKUnits_Tests.xctest */,
			);
			name = Products;
			sourceTree = "<group>";
		};
		607FACE81AFB9204008FA782 /* Tests */ = {
			isa = PBXGroup;
			children = (
				900FEA971D4E6022003B1D6A /* EnergyUnitTests.swift */,
				900FEA8F1D4D398A003B1D6A /* MassUnitTests.swift */,
				90106EA61D4F946200DFB3D3 /* MassUnitImperialTests.swift */,
				90106EAC1D4F9FE000DFB3D3 /* LengthUnitTests.swift */,
				90106EB21D4FA60500DFB3D3 /* LengthUnitImperialTests.swift */,
				900FEA931D4E5F62003B1D6A /* TimeUnitTests.swift */,
				900FEA851D4AEBE9003B1D6A /* UnitTests.swift */,
				900FEA891D4BEF1B003B1D6A /* QuantityTests.swift */,
				90106EB61D4FB07D00DFB3D3 /* VolumeUnitTests.swift */,
				607FACE91AFB9204008FA782 /* Supporting Files */,
			);
			path = Tests;
			sourceTree = "<group>";
		};
		607FACE91AFB9204008FA782 /* Supporting Files */ = {
			isa = PBXGroup;
			children = (
				607FACEA1AFB9204008FA782 /* Info.plist */,
			);
			name = "Supporting Files";
			sourceTree = "<group>";
		};
		607FACF51AFB993E008FA782 /* Podspec Metadata */ = {
			isa = PBXGroup;
			children = (
				350D03EF2508F3327F76DCF3 /* MKUnits.podspec */,
				C206E3C2CE30C81C1E1F5A3D /* README.md */,
				A4B45273001DEE325A419DCE /* LICENSE */,
			);
			name = "Podspec Metadata";
			sourceTree = "<group>";
		};
		CCDC78258D34126725528C2C /* Pods */ = {
			isa = PBXGroup;
			children = (
				741DAAC0AC797AD1D37359B8 /* Pods-MKUnits_Tests.debug.xcconfig */,
				CB51FC6B42C8E9D666E48D27 /* Pods-MKUnits_Tests.release.xcconfig */,
			);
			name = Pods;
			sourceTree = "<group>";
		};
/* End PBXGroup section */

/* Begin PBXNativeTarget section */
		607FACE41AFB9204008FA782 /* MKUnits_Tests */ = {
			isa = PBXNativeTarget;
			buildConfigurationList = 607FACF21AFB9204008FA782 /* Build configuration list for PBXNativeTarget "MKUnits_Tests" */;
			buildPhases = (
				D5D47ED88D6203EDEDA21BED /* [CP] Check Pods Manifest.lock */,
				607FACE11AFB9204008FA782 /* Sources */,
				607FACE21AFB9204008FA782 /* Frameworks */,
				607FACE31AFB9204008FA782 /* Resources */,
				F690DCEF403296B65D862659 /* [CP] Embed Pods Frameworks */,
				1F37990309C813FB933E8DCB /* [CP] Copy Pods Resources */,
			);
			buildRules = (
			);
			dependencies = (
			);
			name = MKUnits_Tests;
			productName = Tests;
			productReference = 607FACE51AFB9204008FA782 /* MKUnits_Tests.xctest */;
			productType = "com.apple.product-type.bundle.unit-test";
		};
/* End PBXNativeTarget section */

/* Begin PBXProject section */
		607FACC81AFB9204008FA782 /* Project object */ = {
			isa = PBXProject;
			attributes = {
				LastSwiftUpdateCheck = 0720;
				LastUpgradeCheck = 0720;
				ORGANIZATIONNAME = CocoaPods;
				TargetAttributes = {
					607FACE41AFB9204008FA782 = {
						CreatedOnToolsVersion = 6.3.1;
						TestTargetID = 607FACCF1AFB9204008FA782;
					};
				};
			};
			buildConfigurationList = 607FACCB1AFB9204008FA782 /* Build configuration list for PBXProject "MKUnits" */;
			compatibilityVersion = "Xcode 3.2";
			developmentRegion = English;
			hasScannedForEncodings = 0;
			knownRegions = (
				en,
				Base,
			);
			mainGroup = 607FACC71AFB9204008FA782;
			productRefGroup = 607FACD11AFB9204008FA782 /* Products */;
			projectDirPath = "";
			projectRoot = "";
			targets = (
				607FACE41AFB9204008FA782 /* MKUnits_Tests */,
			);
		};
/* End PBXProject section */

/* Begin PBXResourcesBuildPhase section */
		607FACE31AFB9204008FA782 /* Resources */ = {
			isa = PBXResourcesBuildPhase;
			buildActionMask = 2147483647;
			files = (
			);
			runOnlyForDeploymentPostprocessing = 0;
		};
/* End PBXResourcesBuildPhase section */

/* Begin PBXShellScriptBuildPhase section */
		1F37990309C813FB933E8DCB /* [CP] Copy Pods Resources */ = {
			isa = PBXShellScriptBuildPhase;
			buildActionMask = 2147483647;
			files = (
			);
			inputPaths = (
			);
			name = "[CP] Copy Pods Resources";
			outputPaths = (
			);
			runOnlyForDeploymentPostprocessing = 0;
			shellPath = /bin/sh;
			shellScript = "\"${SRCROOT}/Pods/Target Support Files/Pods-MKUnits_Tests/Pods-MKUnits_Tests-resources.sh\"\n";
			showEnvVarsInLog = 0;
		};
		D5D47ED88D6203EDEDA21BED /* [CP] Check Pods Manifest.lock */ = {
			isa = PBXShellScriptBuildPhase;
			buildActionMask = 2147483647;
			files = (
			);
			inputPaths = (
			);
			name = "[CP] Check Pods Manifest.lock";
			outputPaths = (
			);
			runOnlyForDeploymentPostprocessing = 0;
			shellPath = /bin/sh;
			shellScript = "diff \"${PODS_ROOT}/../Podfile.lock\" \"${PODS_ROOT}/Manifest.lock\" > /dev/null\nif [[ $? != 0 ]] ; then\n    cat << EOM\nerror: The sandbox is not in sync with the Podfile.lock. Run 'pod install' or update your CocoaPods installation.\nEOM\n    exit 1\nfi\n";
			showEnvVarsInLog = 0;
		};
		F690DCEF403296B65D862659 /* [CP] Embed Pods Frameworks */ = {
			isa = PBXShellScriptBuildPhase;
			buildActionMask = 2147483647;
			files = (
			);
			inputPaths = (
			);
			name = "[CP] Embed Pods Frameworks";
			outputPaths = (
			);
			runOnlyForDeploymentPostprocessing = 0;
			shellPath = /bin/sh;
			shellScript = "\"${SRCROOT}/Pods/Target Support Files/Pods-MKUnits_Tests/Pods-MKUnits_Tests-frameworks.sh\"\n";
			showEnvVarsInLog = 0;
		};
/* End PBXShellScriptBuildPhase section */

/* Begin PBXSourcesBuildPhase section */
		607FACE11AFB9204008FA782 /* Sources */ = {
			isa = PBXSourcesBuildPhase;
			buildActionMask = 2147483647;
			files = (
				90106EB31D4FA60500DFB3D3 /* LengthUnitImperialTests.swift in Sources */,
				900FEA941D4E5F62003B1D6A /* TimeUnitTests.swift in Sources */,
				90106EAD1D4F9FE000DFB3D3 /* LengthUnitTests.swift in Sources */,
				900FEA8A1D4BEF1B003B1D6A /* QuantityTests.swift in Sources */,
				900FEA861D4AEBE9003B1D6A /* UnitTests.swift in Sources */,
				900FEA981D4E6022003B1D6A /* EnergyUnitTests.swift in Sources */,
				90106EA71D4F946200DFB3D3 /* MassUnitImperialTests.swift in Sources */,
				900FEA901D4D398A003B1D6A /* MassUnitTests.swift in Sources */,
				90106EB71D4FB07D00DFB3D3 /* VolumeUnitTests.swift in Sources */,
			);
			runOnlyForDeploymentPostprocessing = 0;
		};
/* End PBXSourcesBuildPhase section */

/* Begin XCBuildConfiguration section */
		607FACED1AFB9204008FA782 /* Debug */ = {
			isa = XCBuildConfiguration;
			buildSettings = {
				ALWAYS_SEARCH_USER_PATHS = NO;
				CLANG_CXX_LANGUAGE_STANDARD = "gnu++0x";
				CLANG_CXX_LIBRARY = "libc++";
				CLANG_ENABLE_MODULES = YES;
				CLANG_ENABLE_OBJC_ARC = YES;
				CLANG_WARN_BOOL_CONVERSION = YES;
				CLANG_WARN_CONSTANT_CONVERSION = YES;
				CLANG_WARN_DIRECT_OBJC_ISA_USAGE = YES_ERROR;
				CLANG_WARN_EMPTY_BODY = YES;
				CLANG_WARN_ENUM_CONVERSION = YES;
				CLANG_WARN_INT_CONVERSION = YES;
				CLANG_WARN_OBJC_ROOT_CLASS = YES_ERROR;
				CLANG_WARN_UNREACHABLE_CODE = YES;
				CLANG_WARN__DUPLICATE_METHOD_MATCH = YES;
				"CODE_SIGN_IDENTITY[sdk=iphoneos*]" = "iPhone Developer";
				COPY_PHASE_STRIP = NO;
				DEBUG_INFORMATION_FORMAT = "dwarf-with-dsym";
				ENABLE_STRICT_OBJC_MSGSEND = YES;
				ENABLE_TESTABILITY = YES;
				GCC_C_LANGUAGE_STANDARD = gnu99;
				GCC_DYNAMIC_NO_PIC = NO;
				GCC_NO_COMMON_BLOCKS = YES;
				GCC_OPTIMIZATION_LEVEL = 0;
				GCC_PREPROCESSOR_DEFINITIONS = (
					"DEBUG=1",
					"$(inherited)",
				);
				GCC_SYMBOLS_PRIVATE_EXTERN = NO;
				GCC_WARN_64_TO_32_BIT_CONVERSION = YES;
				GCC_WARN_ABOUT_RETURN_TYPE = YES_ERROR;
				GCC_WARN_UNDECLARED_SELECTOR = YES;
				GCC_WARN_UNINITIALIZED_AUTOS = YES_AGGRESSIVE;
				GCC_WARN_UNUSED_FUNCTION = YES;
				GCC_WARN_UNUSED_VARIABLE = YES;
				IPHONEOS_DEPLOYMENT_TARGET = 8.3;
				MTL_ENABLE_DEBUG_INFO = YES;
				ONLY_ACTIVE_ARCH = YES;
				SDKROOT = iphoneos;
				SWIFT_OPTIMIZATION_LEVEL = "-Onone";
			};
			name = Debug;
		};
		607FACEE1AFB9204008FA782 /* Release */ = {
			isa = XCBuildConfiguration;
			buildSettings = {
				ALWAYS_SEARCH_USER_PATHS = NO;
				CLANG_CXX_LANGUAGE_STANDARD = "gnu++0x";
				CLANG_CXX_LIBRARY = "libc++";
				CLANG_ENABLE_MODULES = YES;
				CLANG_ENABLE_OBJC_ARC = YES;
				CLANG_WARN_BOOL_CONVERSION = YES;
				CLANG_WARN_CONSTANT_CONVERSION = YES;
				CLANG_WARN_DIRECT_OBJC_ISA_USAGE = YES_ERROR;
				CLANG_WARN_EMPTY_BODY = YES;
				CLANG_WARN_ENUM_CONVERSION = YES;
				CLANG_WARN_INT_CONVERSION = YES;
				CLANG_WARN_OBJC_ROOT_CLASS = YES_ERROR;
				CLANG_WARN_UNREACHABLE_CODE = YES;
				CLANG_WARN__DUPLICATE_METHOD_MATCH = YES;
				"CODE_SIGN_IDENTITY[sdk=iphoneos*]" = "iPhone Developer";
				COPY_PHASE_STRIP = NO;
				DEBUG_INFORMATION_FORMAT = "dwarf-with-dsym";
				ENABLE_NS_ASSERTIONS = NO;
				ENABLE_STRICT_OBJC_MSGSEND = YES;
				GCC_C_LANGUAGE_STANDARD = gnu99;
				GCC_NO_COMMON_BLOCKS = YES;
				GCC_WARN_64_TO_32_BIT_CONVERSION = YES;
				GCC_WARN_ABOUT_RETURN_TYPE = YES_ERROR;
				GCC_WARN_UNDECLARED_SELECTOR = YES;
				GCC_WARN_UNINITIALIZED_AUTOS = YES_AGGRESSIVE;
				GCC_WARN_UNUSED_FUNCTION = YES;
				GCC_WARN_UNUSED_VARIABLE = YES;
				IPHONEOS_DEPLOYMENT_TARGET = 8.3;
				MTL_ENABLE_DEBUG_INFO = NO;
				SDKROOT = iphoneos;
				VALIDATE_PRODUCT = YES;
			};
			name = Release;
		};
		607FACF31AFB9204008FA782 /* Debug */ = {
			isa = XCBuildConfiguration;
			baseConfigurationReference = 741DAAC0AC797AD1D37359B8 /* Pods-MKUnits_Tests.debug.xcconfig */;
			buildSettings = {
				FRAMEWORK_SEARCH_PATHS = (
					"$(SDKROOT)/Developer/Library/Frameworks",
					"$(inherited)",
				);
				GCC_PREPROCESSOR_DEFINITIONS = (
					"DEBUG=1",
					"$(inherited)",
				);
				INFOPLIST_FILE = Tests/Info.plist;
				LD_RUNPATH_SEARCH_PATHS = "$(inherited) @executable_path/Frameworks @loader_path/Frameworks";
				PRODUCT_BUNDLE_IDENTIFIER = "org.cocoapods.$(PRODUCT_NAME:rfc1034identifier)";
				PRODUCT_NAME = "$(TARGET_NAME)";
			};
			name = Debug;
		};
		607FACF41AFB9204008FA782 /* Release */ = {
			isa = XCBuildConfiguration;
			baseConfigurationReference = CB51FC6B42C8E9D666E48D27 /* Pods-MKUnits_Tests.release.xcconfig */;
			buildSettings = {
				FRAMEWORK_SEARCH_PATHS = (
					"$(SDKROOT)/Developer/Library/Frameworks",
					"$(inherited)",
				);
				INFOPLIST_FILE = Tests/Info.plist;
				LD_RUNPATH_SEARCH_PATHS = "$(inherited) @executable_path/Frameworks @loader_path/Frameworks";
				PRODUCT_BUNDLE_IDENTIFIER = "org.cocoapods.$(PRODUCT_NAME:rfc1034identifier)";
				PRODUCT_NAME = "$(TARGET_NAME)";
			};
			name = Release;
		};
/* End XCBuildConfiguration section */

/* Begin XCConfigurationList section */
		607FACCB1AFB9204008FA782 /* Build configuration list for PBXProject "MKUnits" */ = {
			isa = XCConfigurationList;
			buildConfigurations = (
				607FACED1AFB9204008FA782 /* Debug */,
				607FACEE1AFB9204008FA782 /* Release */,
			);
			defaultConfigurationIsVisible = 0;
			defaultConfigurationName = Release;
		};
		607FACF21AFB9204008FA782 /* Build configuration list for PBXNativeTarget "MKUnits_Tests" */ = {
			isa = XCConfigurationList;
			buildConfigurations = (
				607FACF31AFB9204008FA782 /* Debug */,
				607FACF41AFB9204008FA782 /* Release */,
			);
			defaultConfigurationIsVisible = 0;
			defaultConfigurationName = Release;
		};
/* End XCConfigurationList section */
	};
	rootObject = 607FACC81AFB9204008FA782 /* Project object */;
}
